
Microsoft Visual Studio Solution File, Format Version 12.00
# Visual Studio Version 17
VisualStudioVersion = 17.3.32901.215
MinimumVisualStudioVersion = 10.0.40219.1
Project("{FAE04EC0-301F-11D3-BF4B-00C04F79EFBC}") = "PowerlessDeodorizers", "PowerlessDeodorizers\PowerlessDeodorizers.csproj", "{138BF20E-AEE8-4C1C-BA90-D63BDA1C7B8B}"
EndProject
Project("{FAE04EC0-301F-11D3-BF4B-00C04F79EFBC}") = "GroupResources", "GroupResources\GroupResources.csproj", "{C00CFDA3-8904-4731-9D3E-5ACB28890825}"
EndProject
Project("{FAE04EC0-301F-11D3-BF4B-00C04F79EFBC}") = "RocketControlledCheckpoint", "RocketControlledCheckpoint\RocketControlledCheckpoint.csproj", "{4B203293-E4DE-4B3B-8418-1B120784BBD6}"
EndProject
Project("{2150E333-8FDC-42A3-9474-1A3956D46DE8}") = "Solution Items", "Solution Items", "{F9AB59A0-60F3-41A0-8593-711371FE3B8A}"
	ProjectSection(SolutionItems) = preProject
		Directory.Build.props = Directory.Build.props
		Directory.Build.props.default = Directory.Build.props.default
		Directory.Build.targets = Directory.Build.targets
		README.md = README.md
		ILRepack.targets = ILRepack.targets
	EndProjectSection
EndProject
Project("{FAE04EC0-301F-11D3-BF4B-00C04F79EFBC}") = "BuildThroughFloors", "BuildThroughFloors\BuildThroughFloors.csproj", "{6E62F7F9-315A-4EFC-A623-4E8EF015B08F}"
EndProject
Project("{FAE04EC0-301F-11D3-BF4B-00C04F79EFBC}") = "QuickWarpRecharge", "QuickWarpRecharge\QuickWarpRecharge.csproj", "{4CB56570-4D8D-400E-88D7-651A4F6F67DB}"
EndProject
Project("{FAE04EC0-301F-11D3-BF4B-00C04F79EFBC}") = "NoSoddingSOMeteors", "NoSoddingSOMeteors\NoSoddingSOMeteors.csproj", "{BC59939F-87E9-4527-AB35-48F50ED52F7E}"
EndProject
Global
	GlobalSection(SolutionConfigurationPlatforms) = preSolution
		Debug|Any CPU = Debug|Any CPU
		Release|Any CPU = Release|Any CPU
	EndGlobalSection
	GlobalSection(ProjectConfigurationPlatforms) = postSolution
		{138BF20E-AEE8-4C1C-BA90-D63BDA1C7B8B}.Debug|Any CPU.ActiveCfg = Debug|Any CPU
		{138BF20E-AEE8-4C1C-BA90-D63BDA1C7B8B}.Debug|Any CPU.Build.0 = Debug|Any CPU
		{138BF20E-AEE8-4C1C-BA90-D63BDA1C7B8B}.Release|Any CPU.ActiveCfg = Release|Any CPU
		{138BF20E-AEE8-4C1C-BA90-D63BDA1C7B8B}.Release|Any CPU.Build.0 = Release|Any CPU
		{C00CFDA3-8904-4731-9D3E-5ACB28890825}.Debug|Any CPU.ActiveCfg = Debug|Any CPU
		{C00CFDA3-8904-4731-9D3E-5ACB28890825}.Debug|Any CPU.Build.0 = Debug|Any CPU
		{C00CFDA3-8904-4731-9D3E-5ACB28890825}.Release|Any CPU.ActiveCfg = Release|Any CPU
		{C00CFDA3-8904-4731-9D3E-5ACB28890825}.Release|Any CPU.Build.0 = Release|Any CPU
		{4B203293-E4DE-4B3B-8418-1B120784BBD6}.Debug|Any CPU.ActiveCfg = Debug|Any CPU
		{4B203293-E4DE-4B3B-8418-1B120784BBD6}.Debug|Any CPU.Build.0 = Debug|Any CPU
		{4B203293-E4DE-4B3B-8418-1B120784BBD6}.Release|Any CPU.ActiveCfg = Release|Any CPU
		{4B203293-E4DE-4B3B-8418-1B120784BBD6}.Release|Any CPU.Build.0 = Release|Any CPU
		{6E62F7F9-315A-4EFC-A623-4E8EF015B08F}.Debug|Any CPU.ActiveCfg = Debug|Any CPU
		{6E62F7F9-315A-4EFC-A623-4E8EF015B08F}.Debug|Any CPU.Build.0 = Debug|Any CPU
		{6E62F7F9-315A-4EFC-A623-4E8EF015B08F}.Release|Any CPU.ActiveCfg = Release|Any CPU
		{6E62F7F9-315A-4EFC-A623-4E8EF015B08F}.Release|Any CPU.Build.0 = Release|Any CPU
		{4CB56570-4D8D-400E-88D7-651A4F6F67DB}.Debug|Any CPU.ActiveCfg = Debug|Any CPU
		{4CB56570-4D8D-400E-88D7-651A4F6F67DB}.Debug|Any CPU.Build.0 = Debug|Any CPU
		{4CB56570-4D8D-400E-88D7-651A4F6F67DB}.Release|Any CPU.ActiveCfg = Release|Any CPU
		{4CB56570-4D8D-400E-88D7-651A4F6F67DB}.Release|Any CPU.Build.0 = Release|Any CPU
		{BC59939F-87E9-4527-AB35-48F50ED52F7E}.Debug|Any CPU.ActiveCfg = Debug|Any CPU
		{BC59939F-87E9-4527-AB35-48F50ED52F7E}.Debug|Any CPU.Build.0 = Debug|Any CPU
		{BC59939F-87E9-4527-AB35-48F50ED52F7E}.Release|Any CPU.ActiveCfg = Release|Any CPU
		{BC59939F-87E9-4527-AB35-48F50ED52F7E}.Release|Any CPU.Build.0 = Release|Any CPU
	EndGlobalSection
	GlobalSection(SolutionProperties) = preSolution
		HideSolutionNode = FALSE
	EndGlobalSection
	GlobalSection(ExtensibilityGlobals) = postSolution
		SolutionGuid = {4AF98F4B-2D1D-4E54-88AC-CCA4540A497A}
	EndGlobalSection
EndGlobal
